
Microsoft Visual Studio Solution File, Format Version 12.00
# Visual Studio 15
VisualStudioVersion = 15.0.28307.168
MinimumVisualStudioVersion = 10.0.40219.1
Project("{FAE04EC0-301F-11D3-BF4B-00C04F79EFBC}") = "UI", "UI\UI.csproj", "{E5CB0EEB-21C4-4B60-B071-A80C45D7BF7C}"
EndProject
Global
	GlobalSection(SolutionConfigurationPlatforms) = preSolution
		Debug|Any CPU = Debug|Any CPU
		Release|Any CPU = Release|Any CPU
	EndGlobalSection
	GlobalSection(ProjectConfigurationPlatforms) = postSolution
		{E5CB0EEB-21C4-4B60-B071-A80C45D7BF7C}.Debug|Any CPU.ActiveCfg = Debug|Any CPU
		{E5CB0EEB-21C4-4B60-B071-A80C45D7BF7C}.Debug|Any CPU.Build.0 = Debug|Any CPU
		{E5CB0EEB-21C4-4B60-B071-A80C45D7BF7C}.Release|Any CPU.ActiveCfg = Release|Any CPU
		{E5CB0EEB-21C4-4B60-B071-A80C45D7BF7C}.Release|Any CPU.Build.0 = Release|Any CPU
	EndGlobalSection
	GlobalSection(SolutionProperties) = preSolution
		HideSolutionNode = FALSE
	EndGlobalSection
	GlobalSection(ExtensibilityGlobals) = postSolution
		SolutionGuid = {57A9FC3B-804D-4DBD-8926-932BE1C7EFA4}
	EndGlobalSection
EndGlobal
